
Microsoft Visual Studio Solution File, Format Version 12.00
# Visual Studio Version 16
VisualStudioVersion = 16.0.30011.22
MinimumVisualStudioVersion = 10.0.40219.1
Project("{FAE04EC0-301F-11D3-BF4B-00C04F79EFBC}") = "BE", "BE\BE.csproj", "{278FFE21-B272-4AF0-B04A-807BEF4C8D73}"
EndProject
Project("{FAE04EC0-301F-11D3-BF4B-00C04F79EFBC}") = "DAL", "DAL\DAL.csproj", "{7ECDB4AF-FA04-473E-925F-72C1BF7AE28F}"
EndProject
Project("{FAE04EC0-301F-11D3-BF4B-00C04F79EFBC}") = "Servicios", "Servicios\Servicios.csproj", "{0C4FE45B-4667-4B39-837E-4CBBFF592779}"
EndProject
Project("{FAE04EC0-301F-11D3-BF4B-00C04F79EFBC}") = "GUI", "GUI\GUI.csproj", "{53A3A0C3-D9AA-4928-A02D-D4AD09F02B6B}"
EndProject
Project("{FAE04EC0-301F-11D3-BF4B-00C04F79EFBC}") = "BLL", "BLL\BLL.csproj", "{4E417563-662D-45C8-A6AA-082F96ACA7EB}"
EndProject
Global
	GlobalSection(SolutionConfigurationPlatforms) = preSolution
		Debug|Any CPU = Debug|Any CPU
		Release|Any CPU = Release|Any CPU
	EndGlobalSection
	GlobalSection(ProjectConfigurationPlatforms) = postSolution
		{278FFE21-B272-4AF0-B04A-807BEF4C8D73}.Debug|Any CPU.ActiveCfg = Debug|Any CPU
		{278FFE21-B272-4AF0-B04A-807BEF4C8D73}.Debug|Any CPU.Build.0 = Debug|Any CPU
		{278FFE21-B272-4AF0-B04A-807BEF4C8D73}.Release|Any CPU.ActiveCfg = Release|Any CPU
		{278FFE21-B272-4AF0-B04A-807BEF4C8D73}.Release|Any CPU.Build.0 = Release|Any CPU
		{7ECDB4AF-FA04-473E-925F-72C1BF7AE28F}.Debug|Any CPU.ActiveCfg = Debug|Any CPU
		{7ECDB4AF-FA04-473E-925F-72C1BF7AE28F}.Debug|Any CPU.Build.0 = Debug|Any CPU
		{7ECDB4AF-FA04-473E-925F-72C1BF7AE28F}.Release|Any CPU.ActiveCfg = Release|Any CPU
		{7ECDB4AF-FA04-473E-925F-72C1BF7AE28F}.Release|Any CPU.Build.0 = Release|Any CPU
		{0C4FE45B-4667-4B39-837E-4CBBFF592779}.Debug|Any CPU.ActiveCfg = Debug|Any CPU
		{0C4FE45B-4667-4B39-837E-4CBBFF592779}.Debug|Any CPU.Build.0 = Debug|Any CPU
		{0C4FE45B-4667-4B39-837E-4CBBFF592779}.Release|Any CPU.ActiveCfg = Release|Any CPU
		{0C4FE45B-4667-4B39-837E-4CBBFF592779}.Release|Any CPU.Build.0 = Release|Any CPU
		{53A3A0C3-D9AA-4928-A02D-D4AD09F02B6B}.Debug|Any CPU.ActiveCfg = Debug|Any CPU
		{53A3A0C3-D9AA-4928-A02D-D4AD09F02B6B}.Debug|Any CPU.Build.0 = Debug|Any CPU
		{53A3A0C3-D9AA-4928-A02D-D4AD09F02B6B}.Release|Any CPU.ActiveCfg = Release|Any CPU
		{53A3A0C3-D9AA-4928-A02D-D4AD09F02B6B}.Release|Any CPU.Build.0 = Release|Any CPU
		{4E417563-662D-45C8-A6AA-082F96ACA7EB}.Debug|Any CPU.ActiveCfg = Debug|Any CPU
		{4E417563-662D-45C8-A6AA-082F96ACA7EB}.Debug|Any CPU.Build.0 = Debug|Any CPU
		{4E417563-662D-45C8-A6AA-082F96ACA7EB}.Release|Any CPU.ActiveCfg = Release|Any CPU
		{4E417563-662D-45C8-A6AA-082F96ACA7EB}.Release|Any CPU.Build.0 = Release|Any CPU
	EndGlobalSection
	GlobalSection(SolutionProperties) = preSolution
		HideSolutionNode = FALSE
	EndGlobalSection
	GlobalSection(ExtensibilityGlobals) = postSolution
		SolutionGuid = {59DC282D-27C1-43C5-AA4A-D8C5471E7AA2}
	EndGlobalSection
EndGlobal
